
Microsoft Visual Studio Solution File, Format Version 12.00
# Visual Studio Version 16
VisualStudioVersion = 16.0.29609.76
MinimumVisualStudioVersion = 10.0.40219.1
Project("{9A19103F-16F7-4668-BE54-9A1E7A4F7556}") = "Triangle", "Triangle\Triangle.csproj", "{9F5E1B4D-E89A-45F0-A4EB-63F7A76EC94D}"
EndProject
Project("{9A19103F-16F7-4668-BE54-9A1E7A4F7556}") = "testTriangle", "testTriangle\testTriangle.csproj", "{999E04DB-4236-42F0-B9C1-EE960DFEE43A}"
EndProject
Project("{2150E333-8FDC-42A3-9474-1A3956D46DE8}") = "Solution Items", "Solution Items", "{DB490AB2-1AD8-4F86-801B-0BEE28EFC0B8}"
	ProjectSection(SolutionItems) = preProject
		input.txt = input.txt
		output.txt = output.txt
	EndProjectSection
EndProject
Global
	GlobalSection(SolutionConfigurationPlatforms) = preSolution
		Debug|Any CPU = Debug|Any CPU
		Release|Any CPU = Release|Any CPU
	EndGlobalSection
	GlobalSection(ProjectConfigurationPlatforms) = postSolution
		{9F5E1B4D-E89A-45F0-A4EB-63F7A76EC94D}.Debug|Any CPU.ActiveCfg = Debug|Any CPU
		{9F5E1B4D-E89A-45F0-A4EB-63F7A76EC94D}.Debug|Any CPU.Build.0 = Debug|Any CPU
		{9F5E1B4D-E89A-45F0-A4EB-63F7A76EC94D}.Release|Any CPU.ActiveCfg = Release|Any CPU
		{9F5E1B4D-E89A-45F0-A4EB-63F7A76EC94D}.Release|Any CPU.Build.0 = Release|Any CPU
		{999E04DB-4236-42F0-B9C1-EE960DFEE43A}.Debug|Any CPU.ActiveCfg = Debug|Any CPU
		{999E04DB-4236-42F0-B9C1-EE960DFEE43A}.Debug|Any CPU.Build.0 = Debug|Any CPU
		{999E04DB-4236-42F0-B9C1-EE960DFEE43A}.Release|Any CPU.ActiveCfg = Release|Any CPU
		{999E04DB-4236-42F0-B9C1-EE960DFEE43A}.Release|Any CPU.Build.0 = Release|Any CPU
	EndGlobalSection
	GlobalSection(SolutionProperties) = preSolution
		HideSolutionNode = FALSE
	EndGlobalSection
	GlobalSection(ExtensibilityGlobals) = postSolution
		SolutionGuid = {986FB933-A57F-4664-921B-910BEC766242}
	EndGlobalSection
EndGlobal
